{
  "nodes": {
    "betterfox": {
      "flake": false,
      "locked": {
        "lastModified": 1721657974,
        "narHash": "sha256-i8cCSjPV/nuNFEgjhuLJUbdpT6flGxTacaQu78SXZis=",
        "owner": "yokoffing",
        "repo": "Betterfox",
        "rev": "29f081696200afc3af6a43f300a8000af18fa86e",
        "type": "github"
      },
      "original": {
        "owner": "yokoffing",
        "repo": "Betterfox",
        "type": "github"
      }
    },
    "crane": {
      "inputs": {
        "nixpkgs": [
          "xremap-flake",
          "nixpkgs"
        ]
      },
      "locked": {
        "lastModified": 1721322122,
        "narHash": "sha256-a0G1NvyXGzdwgu6e1HQpmK5R5yLsfxeBe07nNDyYd+g=",
        "owner": "ipetkov",
        "repo": "crane",
        "rev": "8a68b987c476a33e90f203f0927614a75c3f47ea",
        "type": "github"
      },
      "original": {
        "owner": "ipetkov",
        "repo": "crane",
        "type": "github"
      }
    },
    "devshell": {
      "inputs": {
        "flake-utils": [
          "nixvim",
          "nuschtosSearch",
          "flake-utils"
        ],
        "nixpkgs": [
          "nixvim",
          "nixpkgs"
        ]
      },
      "locked": {
        "lastModified": 1721902368,
        "narHash": "sha256-noQ5SghRPe0jzQEbFQb3fYbV6LZEzr7lIRQoxlU7fyI=",
        "owner": "numtide",
        "repo": "devshell",
        "rev": "cf8c7405479cfde7ea4dc815e195391d2328df10",
        "type": "github"
      },
      "original": {
        "owner": "numtide",
        "repo": "devshell",
        "type": "github"
      }
    },
    "devshell_2": {
      "inputs": {
        "flake-utils": "flake-utils_3",
        "nixpkgs": "nixpkgs_4"
      },
      "locked": {
        "lastModified": 1717408969,
        "narHash": "sha256-Q0OEFqe35fZbbRPPRdrjTUUChKVhhWXz3T9ZSKmaoVY=",
        "owner": "numtide",
        "repo": "devshell",
        "rev": "1ebbe68d57457c8cae98145410b164b5477761f4",
        "type": "github"
      },
      "original": {
        "owner": "numtide",
        "repo": "devshell",
        "type": "github"
      }
    },
    "dotfiles-kjartanm": {
      "flake": false,
      "locked": {
        "lastModified": 1722243642,
        "narHash": "sha256-+ftZDKwsxjGbbJGTWJCnsXB+/yOCEgxTWjNlqx8skMs=",
        "owner": "kjartanpog",
        "repo": "dotfiles",
        "rev": "6bff53f02a22897ba2f822f74cfbd88e2222befe",
        "type": "github"
      },
      "original": {
        "owner": "kjartanpog",
        "repo": "dotfiles",
        "type": "github"
      }
    },
    "firefox-addons": {
      "inputs": {
        "flake-utils": "flake-utils",
        "nixpkgs": [
          "nixpkgs"
        ]
      },
      "locked": {
        "dir": "pkgs/firefox-addons",
        "lastModified": 1722069725,
        "narHash": "sha256-C2Xo1Ysvxny+6YT7bMAHJ2gY8i7/w4E8bZljsx1P+7M=",
        "owner": "rycee",
        "repo": "nur-expressions",
        "rev": "272f590d94f692f3f42bd1e1b08a8edfc3321b51",
        "type": "gitlab"
      },
      "original": {
        "dir": "pkgs/firefox-addons",
        "owner": "rycee",
        "repo": "nur-expressions",
        "type": "gitlab"
      }
    },
    "firefox-gnome-theme": {
      "flake": false,
      "locked": {
        "lastModified": 1721276923,
        "narHash": "sha256-HJKuwVvi+yGv+8n9Ez4EwaJA0B79JRss9J30vpgy/GI=",
        "owner": "rafaelmardojai",
        "repo": "firefox-gnome-theme",
        "rev": "cc70ec20e2775df7cd2bccdd20dcdecc3e0a733b",
        "type": "github"
      },
      "original": {
        "owner": "rafaelmardojai",
        "repo": "firefox-gnome-theme",
        "type": "github"
      }
    },
    "flake-compat": {
      "locked": {
        "lastModified": 1696426674,
        "narHash": "sha256-kvjfFW7WAETZlt09AgDn1MrtKzP7t90Vf7vypd3OL1U=",
        "rev": "0f9255e01c2351cc7d116c072cb317785dd33b33",
        "revCount": 57,
        "type": "tarball",
        "url": "https://api.flakehub.com/f/pinned/edolstra/flake-compat/1.0.1/018afb31-abd1-7bff-a5e4-cff7e18efb7a/source.tar.gz"
      },
      "original": {
        "type": "tarball",
        "url": "https://flakehub.com/f/edolstra/flake-compat/1.tar.gz"
      }
    },
    "flake-parts": {
      "inputs": {
        "nixpkgs-lib": "nixpkgs-lib"
      },
      "locked": {
        "lastModified": 1719994518,
        "narHash": "sha256-pQMhCCHyQGRzdfAkdJ4cIWiw+JNuWsTX7f0ZYSyz0VY=",
        "owner": "hercules-ci",
        "repo": "flake-parts",
        "rev": "9227223f6d922fee3c7b190b2cc238a99527bbb7",
        "type": "github"
      },
      "original": {
        "owner": "hercules-ci",
        "repo": "flake-parts",
        "type": "github"
      }
    },
    "flake-parts_2": {
      "inputs": {
        "nixpkgs-lib": [
          "nixvim",
          "nixpkgs"
        ]
      },
      "locked": {
        "lastModified": 1719994518,
        "narHash": "sha256-pQMhCCHyQGRzdfAkdJ4cIWiw+JNuWsTX7f0ZYSyz0VY=",
        "owner": "hercules-ci",
        "repo": "flake-parts",
        "rev": "9227223f6d922fee3c7b190b2cc238a99527bbb7",
        "type": "github"
      },
      "original": {
        "owner": "hercules-ci",
        "repo": "flake-parts",
        "type": "github"
      }
    },
    "flake-parts_3": {
      "inputs": {
        "nixpkgs-lib": "nixpkgs-lib_2"
      },
      "locked": {
        "lastModified": 1719994518,
        "narHash": "sha256-pQMhCCHyQGRzdfAkdJ4cIWiw+JNuWsTX7f0ZYSyz0VY=",
        "owner": "hercules-ci",
        "repo": "flake-parts",
        "rev": "9227223f6d922fee3c7b190b2cc238a99527bbb7",
        "type": "github"
      },
      "original": {
        "owner": "hercules-ci",
        "repo": "flake-parts",
        "type": "github"
      }
    },
    "flake-utils": {
      "locked": {
        "lastModified": 1629284811,
        "narHash": "sha256-JHgasjPR0/J1J3DRm4KxM4zTyAj4IOJY8vIl75v/kPI=",
        "owner": "numtide",
        "repo": "flake-utils",
        "rev": "c5d161cc0af116a2e17f54316f0bf43f0819785c",
        "type": "github"
      },
      "original": {
        "owner": "numtide",
        "repo": "flake-utils",
        "type": "github"
      }
    },
    "flake-utils_2": {
      "inputs": {
        "systems": "systems"
      },
      "locked": {
        "lastModified": 1710146030,
        "narHash": "sha256-SZ5L6eA7HJ/nmkzGG7/ISclqe6oZdOZTNoesiInkXPQ=",
        "owner": "numtide",
        "repo": "flake-utils",
        "rev": "b1d9ab70662946ef0850d488da1c9019f3a9752a",
        "type": "github"
      },
      "original": {
        "owner": "numtide",
        "repo": "flake-utils",
        "type": "github"
      }
    },
    "flake-utils_3": {
      "inputs": {
        "systems": "systems_2"
      },
      "locked": {
        "lastModified": 1701680307,
        "narHash": "sha256-kAuep2h5ajznlPMD9rnQyffWG8EM/C73lejGofXvdM8=",
        "owner": "numtide",
        "repo": "flake-utils",
        "rev": "4022d587cbbfd70fe950c1e2083a02621806a725",
        "type": "github"
      },
      "original": {
        "owner": "numtide",
        "repo": "flake-utils",
        "type": "github"
      }
    },
    "git-hooks": {
      "inputs": {
        "flake-compat": [
          "nixvim",
          "flake-compat"
        ],
        "gitignore": "gitignore",
        "nixpkgs": [
          "nixvim",
          "nixpkgs"
        ],
        "nixpkgs-stable": [
          "nixvim",
          "nixpkgs"
        ]
      },
      "locked": {
        "lastModified": 1721042469,
        "narHash": "sha256-6FPUl7HVtvRHCCBQne7Ylp4p+dpP3P/OYuzjztZ4s70=",
        "owner": "cachix",
        "repo": "git-hooks.nix",
        "rev": "f451c19376071a90d8c58ab1a953c6e9840527fd",
        "type": "github"
      },
      "original": {
        "owner": "cachix",
        "repo": "git-hooks.nix",
        "type": "github"
      }
    },
    "gitignore": {
      "inputs": {
        "nixpkgs": [
          "nixvim",
          "git-hooks",
          "nixpkgs"
        ]
      },
      "locked": {
        "lastModified": 1709087332,
        "narHash": "sha256-HG2cCnktfHsKV0s4XW83gU3F57gaTljL9KNSuG6bnQs=",
        "owner": "hercules-ci",
        "repo": "gitignore.nix",
        "rev": "637db329424fd7e46cf4185293b9cc8c88c95394",
        "type": "github"
      },
      "original": {
        "owner": "hercules-ci",
        "repo": "gitignore.nix",
        "type": "github"
      }
    },
    "home-manager": {
      "inputs": {
        "nixpkgs": [
          "nixpkgs"
        ]
      },
      "locked": {
        "lastModified": 1722119539,
        "narHash": "sha256-2kU90liMle0vKR8exJx1XM4hZh9CdNgZGHCTbeA9yzY=",
        "owner": "nix-community",
        "repo": "home-manager",
        "rev": "d0240a064db3987eb4d5204cf2400bc4452d9922",
        "type": "github"
      },
      "original": {
        "owner": "nix-community",
        "repo": "home-manager",
        "type": "github"
      }
    },
    "home-manager_2": {
      "inputs": {
        "nixpkgs": [
          "nixvim",
          "nixpkgs"
        ]
      },
      "locked": {
        "lastModified": 1721852138,
        "narHash": "sha256-JH8N5uoqoVA6erV4O40VtKKHsnfmhvMGbxMNDLtim5o=",
        "owner": "nix-community",
        "repo": "home-manager",
        "rev": "304a011325b7ac7b8c9950333cd215a7aa146b0e",
        "type": "github"
      },
      "original": {
        "owner": "nix-community",
        "repo": "home-manager",
        "type": "github"
      }
    },
    "home-manager_3": {
      "inputs": {
        "nixpkgs": "nixpkgs_5"
      },
      "locked": {
        "lastModified": 1721135958,
        "narHash": "sha256-H548rpPMsn25LDKn1PCFmPxmWlClJJGnvdzImHkqjuY=",
        "owner": "nix-community",
        "repo": "home-manager",
        "rev": "afd2021bedff2de92dfce0e257a3d03ae65c603d",
        "type": "github"
      },
      "original": {
        "owner": "nix-community",
        "repo": "home-manager",
        "type": "github"
      }
    },
    "hyprcursor": {
      "inputs": {
        "hyprlang": [
          "xremap-flake",
          "hyprland",
          "hyprlang"
        ],
        "nixpkgs": [
          "xremap-flake",
          "hyprland",
          "nixpkgs"
        ],
        "systems": [
          "xremap-flake",
          "hyprland",
          "systems"
        ]
      },
      "locked": {
        "lastModified": 1720108799,
        "narHash": "sha256-AxRkTJlbB8r7aG6gvc7IaLhc2T9TO4/8uqanKRxukBQ=",
        "owner": "hyprwm",
        "repo": "hyprcursor",
        "rev": "a5c0d57325c5f0814c39110a70ca19c070ae9486",
        "type": "github"
      },
      "original": {
        "owner": "hyprwm",
        "repo": "hyprcursor",
        "type": "github"
      }
    },
    "hyprland": {
      "inputs": {
        "hyprcursor": "hyprcursor",
        "hyprlang": "hyprlang",
        "hyprutils": "hyprutils",
        "hyprwayland-scanner": "hyprwayland-scanner",
        "nixpkgs": "nixpkgs_6",
        "systems": "systems_3",
        "xdph": "xdph"
      },
      "locked": {
        "lastModified": 1721463092,
        "narHash": "sha256-NT9adHxZtssgoYPsc1jW0NV2OAZBQoko0qdlLO7wkSg=",
        "owner": "hyprwm",
        "repo": "Hyprland",
        "rev": "f642fb97df5c69267a03452533de383ff8023570",
        "type": "github"
      },
      "original": {
        "owner": "hyprwm",
        "repo": "Hyprland",
        "type": "github"
      }
    },
    "hyprland-protocols": {
      "inputs": {
        "nixpkgs": [
          "xremap-flake",
          "hyprland",
          "xdph",
          "nixpkgs"
        ],
        "systems": [
          "xremap-flake",
          "hyprland",
          "xdph",
          "systems"
        ]
      },
      "locked": {
        "lastModified": 1718746314,
        "narHash": "sha256-HUklK5u86w2Yh9dOkk4FdsL8eehcOZ95jPhLixGDRQY=",
        "owner": "hyprwm",
        "repo": "hyprland-protocols",
        "rev": "1b61f0093afff20ab44d88ad707aed8bf2215290",
        "type": "github"
      },
      "original": {
        "owner": "hyprwm",
        "repo": "hyprland-protocols",
        "type": "github"
      }
    },
    "hyprlang": {
      "inputs": {
        "hyprutils": [
          "xremap-flake",
          "hyprland",
          "hyprutils"
        ],
        "nixpkgs": [
          "xremap-flake",
          "hyprland",
          "nixpkgs"
        ],
        "systems": [
          "xremap-flake",
          "hyprland",
          "systems"
        ]
      },
      "locked": {
        "lastModified": 1720381373,
        "narHash": "sha256-lyC/EZdHULsaAKVryK11lgHY9u6pXr7qR4irnxNWC7k=",
        "owner": "hyprwm",
        "repo": "hyprlang",
        "rev": "5df0174fd09de4ac5475233d65ffc703e89b82eb",
        "type": "github"
      },
      "original": {
        "owner": "hyprwm",
        "repo": "hyprlang",
        "type": "github"
      }
    },
    "hyprutils": {
      "inputs": {
        "nixpkgs": [
          "xremap-flake",
          "hyprland",
          "nixpkgs"
        ],
        "systems": [
          "xremap-flake",
          "hyprland",
          "systems"
        ]
      },
      "locked": {
        "lastModified": 1721071737,
        "narHash": "sha256-qmC9jGfbE4+EIBbbSAkrfR/p49wShjpv4/KztgE/P54=",
        "owner": "hyprwm",
        "repo": "hyprutils",
        "rev": "eb1ceff2b87f6820789249f63faa8e9dcb54d05f",
        "type": "github"
      },
      "original": {
        "owner": "hyprwm",
        "repo": "hyprutils",
        "type": "github"
      }
    },
    "hyprwayland-scanner": {
      "inputs": {
        "nixpkgs": [
          "xremap-flake",
          "hyprland",
          "nixpkgs"
        ],
        "systems": [
          "xremap-flake",
          "hyprland",
          "systems"
        ]
      },
      "locked": {
        "lastModified": 1720215857,
        "narHash": "sha256-JPdL+Qul+jEueAn8CARfcWP83eJgwkhMejQYfDvrgvU=",
        "owner": "hyprwm",
        "repo": "hyprwayland-scanner",
        "rev": "d5fa094ca27e0039be5e94c0a80ae433145af8bb",
        "type": "github"
      },
      "original": {
        "owner": "hyprwm",
        "repo": "hyprwayland-scanner",
        "type": "github"
      }
    },
    "nix-darwin": {
      "inputs": {
        "nixpkgs": [
          "nixvim",
          "nixpkgs"
        ]
      },
      "locked": {
        "lastModified": 1721719500,
        "narHash": "sha256-nnkqjv4Y37Hydjh6HE9wW4kSkV5Q7q4iIXlL5lwUFOw=",
        "owner": "lnl7",
        "repo": "nix-darwin",
        "rev": "884f3fe6d9bf056ba0017c132c39c1f0d07d4fec",
        "type": "github"
      },
      "original": {
        "owner": "lnl7",
        "repo": "nix-darwin",
        "type": "github"
      }
    },
    "nix-gaming": {
      "inputs": {
        "flake-parts": "flake-parts",
        "nixpkgs": "nixpkgs",
        "umu": "umu"
      },
      "locked": {
        "lastModified": 1722129834,
        "narHash": "sha256-thpe9URi0BJMQ+fHtwb1vkO+Q+yf/n6h/ApPEP/mq8g=",
        "owner": "fufexan",
        "repo": "nix-gaming",
        "rev": "7ef7eadb8d29f673fe45bdb1be1f0eb3701bea24",
        "type": "github"
      },
      "original": {
        "owner": "fufexan",
        "repo": "nix-gaming",
        "type": "github"
      }
    },
    "nixos-hardware": {
      "locked": {
        "lastModified": 1722114937,
        "narHash": "sha256-MOZ9woPwdpFJcHx3wic2Mlw9aztdKjMnFT3FaeLzJkM=",
        "owner": "NixOS",
        "repo": "nixos-hardware",
        "rev": "e67b60fb1b2c3aad2202d95b91d4c218cf2a4fdd",
        "type": "github"
      },
      "original": {
        "owner": "NixOS",
        "ref": "master",
        "repo": "nixos-hardware",
        "type": "github"
      }
    },
    "nixpkgs": {
      "locked": {
        "lastModified": 1722073938,
        "narHash": "sha256-OpX0StkL8vpXyWOGUD6G+MA26wAXK6SpT94kLJXo6B4=",
        "owner": "NixOS",
        "repo": "nixpkgs",
        "rev": "e36e9f57337d0ff0cf77aceb58af4c805472bfae",
        "type": "github"
      },
      "original": {
        "owner": "NixOS",
        "ref": "nixpkgs-unstable",
        "repo": "nixpkgs",
        "type": "github"
      }
    },
    "nixpkgs-lib": {
      "locked": {
        "lastModified": 1719876945,
        "narHash": "sha256-Fm2rDDs86sHy0/1jxTOKB1118Q0O3Uc7EC0iXvXKpbI=",
        "type": "tarball",
        "url": "https://github.com/NixOS/nixpkgs/archive/5daf0514482af3f97abaefc78a6606365c9108e2.tar.gz"
      },
      "original": {
        "type": "tarball",
        "url": "https://github.com/NixOS/nixpkgs/archive/5daf0514482af3f97abaefc78a6606365c9108e2.tar.gz"
      }
    },
    "nixpkgs-lib_2": {
      "locked": {
        "lastModified": 1719876945,
        "narHash": "sha256-Fm2rDDs86sHy0/1jxTOKB1118Q0O3Uc7EC0iXvXKpbI=",
        "type": "tarball",
        "url": "https://github.com/NixOS/nixpkgs/archive/5daf0514482af3f97abaefc78a6606365c9108e2.tar.gz"
      },
      "original": {
        "type": "tarball",
        "url": "https://github.com/NixOS/nixpkgs/archive/5daf0514482af3f97abaefc78a6606365c9108e2.tar.gz"
      }
    },
    "nixpkgs_2": {
      "locked": {
        "lastModified": 1722062969,
        "narHash": "sha256-QOS0ykELUmPbrrUGmegAUlpmUFznDQeR4q7rFhl8eQg=",
        "owner": "nixos",
        "repo": "nixpkgs",
        "rev": "b73c2221a46c13557b1b3be9c2070cc42cf01eb3",
        "type": "github"
      },
      "original": {
        "owner": "nixos",
        "ref": "nixos-unstable",
        "repo": "nixpkgs",
        "type": "github"
      }
    },
    "nixpkgs_3": {
      "locked": {
        "lastModified": 1716769173,
        "narHash": "sha256-7EXDb5WBw+d004Agt+JHC/Oyh/KTUglOaQ4MNjBbo5w=",
        "owner": "nixos",
        "repo": "nixpkgs",
        "rev": "9ca3f649614213b2aaf5f1e16ec06952fe4c2632",
        "type": "github"
      },
      "original": {
        "owner": "nixos",
        "ref": "nixos-unstable",
        "repo": "nixpkgs",
        "type": "github"
      }
    },
    "nixpkgs_4": {
      "locked": {
        "lastModified": 1704161960,
        "narHash": "sha256-QGua89Pmq+FBAro8NriTuoO/wNaUtugt29/qqA8zeeM=",
        "owner": "NixOS",
        "repo": "nixpkgs",
        "rev": "63143ac2c9186be6d9da6035fa22620018c85932",
        "type": "github"
      },
      "original": {
        "owner": "NixOS",
        "ref": "nixpkgs-unstable",
        "repo": "nixpkgs",
        "type": "github"
      }
    },
    "nixpkgs_5": {
      "locked": {
        "lastModified": 1719848872,
        "narHash": "sha256-H3+EC5cYuq+gQW8y0lSrrDZfH71LB4DAf+TDFyvwCNA=",
        "owner": "NixOS",
        "repo": "nixpkgs",
        "rev": "00d80d13810dbfea8ab4ed1009b09100cca86ba8",
        "type": "github"
      },
      "original": {
        "owner": "NixOS",
        "ref": "nixos-unstable",
        "repo": "nixpkgs",
        "type": "github"
      }
    },
    "nixpkgs_6": {
      "locked": {
        "lastModified": 1720957393,
        "narHash": "sha256-oedh2RwpjEa+TNxhg5Je9Ch6d3W1NKi7DbRO1ziHemA=",
        "owner": "NixOS",
        "repo": "nixpkgs",
        "rev": "693bc46d169f5af9c992095736e82c3488bf7dbb",
        "type": "github"
      },
      "original": {
        "owner": "NixOS",
        "ref": "nixos-unstable",
        "repo": "nixpkgs",
        "type": "github"
      }
    },
    "nixpkgs_7": {
      "locked": {
        "lastModified": 1721435672,
        "narHash": "sha256-VaBqKvCu4iFWPwKFFigdhOfgccLUDEVByb6Wa2Z9i98=",
        "owner": "NixOS",
        "repo": "nixpkgs",
        "rev": "2d65995365a2a6b05db69e344d3b673c8d541bcd",
        "type": "github"
      },
      "original": {
        "owner": "NixOS",
        "ref": "nixpkgs-unstable",
        "repo": "nixpkgs",
        "type": "github"
      }
    },
    "nixpkgs_8": {
      "locked": {
        "lastModified": 1719690277,
        "narHash": "sha256-0xSej1g7eP2kaUF+JQp8jdyNmpmCJKRpO12mKl/36Kc=",
        "owner": "nixos",
        "repo": "nixpkgs",
        "rev": "2741b4b489b55df32afac57bc4bfd220e8bf617e",
        "type": "github"
      },
      "original": {
        "owner": "nixos",
        "ref": "nixos-unstable",
        "repo": "nixpkgs",
        "type": "github"
      }
    },
    "nixvim": {
      "inputs": {
        "devshell": "devshell",
        "flake-compat": "flake-compat",
        "flake-parts": "flake-parts_2",
        "git-hooks": "git-hooks",
        "home-manager": "home-manager_2",
        "nix-darwin": "nix-darwin",
        "nixpkgs": [
          "nixpkgs"
        ],
        "nuschtosSearch": "nuschtosSearch",
        "treefmt-nix": "treefmt-nix"
      },
      "locked": {
        "lastModified": 1722111246,
        "narHash": "sha256-5ikGEPb8oqup5tTWpvmC8V/ts9ss0VXsPNtlbz7IAYU=",
        "owner": "nix-community",
        "repo": "nixvim",
        "rev": "59941a5300b1b13d6aac0a5115c8fc5b955b5405",
        "type": "github"
      },
      "original": {
        "owner": "nix-community",
        "repo": "nixvim",
        "type": "github"
      }
    },
    "nuschtosSearch": {
      "inputs": {
        "flake-utils": "flake-utils_2",
        "nixpkgs": [
          "nixvim",
          "nixpkgs"
        ]
      },
      "locked": {
        "lastModified": 1721548975,
        "narHash": "sha256-agCbztdk1f7nCUz03R6xdbivuBRuqubP2RHW+MNuRTg=",
        "owner": "NuschtOS",
        "repo": "search",
        "rev": "551b031e2bc0bcc9584347a8da6312e57169661d",
        "type": "github"
      },
      "original": {
        "owner": "NuschtOS",
        "repo": "search",
        "type": "github"
      }
    },
    "programsdb": {
      "inputs": {
        "nixpkgs": [
          "nixpkgs"
        ],
        "utils": "utils"
      },
      "locked": {
        "lastModified": 1722174736,
        "narHash": "sha256-DUe+Pc2LkVFVWpB8km1a/EJ53jfXnxRZywKIborOocU=",
        "owner": "wamserma",
        "repo": "flake-programs-sqlite",
        "rev": "62caee6a472950b9e2a089f8c52021478447dd51",
        "type": "github"
      },
      "original": {
        "owner": "wamserma",
        "repo": "flake-programs-sqlite",
        "type": "github"
      }
    },
    "root": {
      "inputs": {
        "betterfox": "betterfox",
        "dotfiles-kjartanm": "dotfiles-kjartanm",
        "firefox-addons": "firefox-addons",
        "firefox-gnome-theme": "firefox-gnome-theme",
        "home-manager": "home-manager",
        "nix-gaming": "nix-gaming",
        "nixos-hardware": "nixos-hardware",
        "nixpkgs": "nixpkgs_2",
        "nixvim": "nixvim",
        "programsdb": "programsdb",
        "slippi-nix": "slippi-nix",
        "ssbm-nix": "ssbm-nix",
        "thunderbird-gnome-theme": "thunderbird-gnome-theme",
        "vim-healthcheck": "vim-healthcheck",
        "vim-rose-pine": "vim-rose-pine",
        "vim-spellfile-is": "vim-spellfile-is",
        "xremap-flake": "xremap-flake"
      }
    },
    "slippi-desktop": {
      "flake": false,
      "locked": {
        "lastModified": 1713234497,
        "narHash": "sha256-UOZo3YybBldkn1McZRr0oAYEieTtjCGgcA4YqpEOyXI=",
        "owner": "project-slippi",
        "repo": "slippi-desktop-app",
        "rev": "ae8bb69e235b6e46b24bc966aeaa80f45030c6f9",
        "type": "github"
      },
      "original": {
        "owner": "project-slippi",
        "repo": "slippi-desktop-app",
        "type": "github"
      }
    },
    "slippi-nix": {
      "inputs": {
        "nixpkgs": "nixpkgs_3"
      },
      "locked": {
        "lastModified": 1722256176,
        "narHash": "sha256-S18bOUiTd3bWrjEkADbocDgZvFSvdsH3AOQm4PXkjKE=",
        "owner": "kjartanpog",
        "repo": "slippi-nix",
        "rev": "8a89c6e553d0d861a44822fc5c7b141c5adfda22",
        "type": "github"
      },
      "original": {
        "owner": "kjartanpog",
        "repo": "slippi-nix",
        "type": "github"
      }
    },
    "ssbm-nix": {
      "inputs": {
        "nixpkgs": [
          "nixpkgs"
        ],
        "slippi-desktop": "slippi-desktop"
      },
      "locked": {
        "lastModified": 1721660456,
        "narHash": "sha256-Y/AB2vAPc7Qfur1wBSZUc9BUI7JpETBYoIZD5Lk+Zo4=",
        "owner": "lytedev",
        "repo": "ssbm-nix",
        "rev": "ddfa96effb1e699c67d5c5842d12b99456407d14",
        "type": "github"
      },
      "original": {
        "owner": "lytedev",
        "repo": "ssbm-nix",
        "type": "github"
      }
    },
    "systems": {
      "locked": {
        "lastModified": 1681028828,
        "narHash": "sha256-Vy1rq5AaRuLzOxct8nz4T6wlgyUR7zLU309k9mBC768=",
        "owner": "nix-systems",
        "repo": "default",
        "rev": "da67096a3b9bf56a91d16901293e51ba5b49a27e",
        "type": "github"
      },
      "original": {
        "owner": "nix-systems",
        "repo": "default",
        "type": "github"
      }
    },
    "systems_2": {
      "locked": {
        "lastModified": 1681028828,
        "narHash": "sha256-Vy1rq5AaRuLzOxct8nz4T6wlgyUR7zLU309k9mBC768=",
        "owner": "nix-systems",
        "repo": "default",
        "rev": "da67096a3b9bf56a91d16901293e51ba5b49a27e",
        "type": "github"
      },
      "original": {
        "owner": "nix-systems",
        "repo": "default",
        "type": "github"
      }
    },
    "systems_3": {
      "locked": {
        "lastModified": 1689347949,
        "narHash": "sha256-12tWmuL2zgBgZkdoB6qXZsgJEH9LR3oUgpaQq2RbI80=",
        "owner": "nix-systems",
        "repo": "default-linux",
        "rev": "31732fcf5e8fea42e59c2488ad31a0e651500f68",
        "type": "github"
      },
      "original": {
        "owner": "nix-systems",
        "repo": "default-linux",
        "type": "github"
      }
    },
    "thunderbird-gnome-theme": {
      "flake": false,
      "locked": {
        "lastModified": 1721874544,
        "narHash": "sha256-BHW9jlx92CsHY84FT0ce5Vxl0KFheLhNn2vndcIf7no=",
        "owner": "rafaelmardojai",
        "repo": "thunderbird-gnome-theme",
        "rev": "628fcccb7788e3e0ad34f67114f563c87ac8c1dc",
        "type": "github"
      },
      "original": {
        "owner": "rafaelmardojai",
        "repo": "thunderbird-gnome-theme",
        "type": "github"
      }
    },
    "treefmt-nix": {
      "inputs": {
        "nixpkgs": [
          "nixvim",
          "nixpkgs"
        ]
      },
      "locked": {
        "lastModified": 1721769617,
        "narHash": "sha256-6Pqa0bi5nV74IZcENKYRToRNM5obo1EQ+3ihtunJ014=",
        "owner": "numtide",
        "repo": "treefmt-nix",
        "rev": "8db8970be1fb8be9c845af7ebec53b699fe7e009",
        "type": "github"
      },
      "original": {
        "owner": "numtide",
        "repo": "treefmt-nix",
        "type": "github"
      }
    },
    "treefmt-nix_2": {
      "inputs": {
        "nixpkgs": "nixpkgs_8"
      },
      "locked": {
        "lastModified": 1721458737,
        "narHash": "sha256-wNXLQ/ATs1S4Opg1PmuNoJ+Wamqj93rgZYV3Di7kxkg=",
        "owner": "numtide",
        "repo": "treefmt-nix",
        "rev": "888bfb10a9b091d9ed2f5f8064de8d488f7b7c97",
        "type": "github"
      },
      "original": {
        "owner": "numtide",
        "repo": "treefmt-nix",
        "type": "github"
      }
    },
    "umu": {
      "inputs": {
        "nixpkgs": [
          "nix-gaming",
          "nixpkgs"
        ]
      },
      "locked": {
        "dir": "packaging/nix",
        "lastModified": 1722028419,
        "narHash": "sha256-kiujJqlhP1YUDf0+KfC+o7wdfltZUOBpJbPFPgR18hA=",
        "ref": "refs/heads/main",
        "rev": "7e00027c1bf9f4402318ee0530d95d34fbbc72c8",
        "revCount": 684,
        "submodules": true,
        "type": "git",
        "url": "https://github.com/Open-Wine-Components/umu-launcher/?dir=packaging/nix"
      },
      "original": {
        "dir": "packaging/nix",
        "submodules": true,
        "type": "git",
        "url": "https://github.com/Open-Wine-Components/umu-launcher/?dir=packaging/nix"
      }
    },
    "utils": {
      "locked": {
        "lastModified": 1678901627,
        "narHash": "sha256-U02riOqrKKzwjsxc/400XnElV+UtPUQWpANPlyazjH0=",
        "owner": "numtide",
        "repo": "flake-utils",
        "rev": "93a2b84fc4b70d9e089d029deacc3583435c2ed6",
        "type": "github"
      },
      "original": {
        "owner": "numtide",
        "repo": "flake-utils",
        "type": "github"
      }
    },
    "vim-healthcheck": {
      "flake": false,
      "locked": {
        "lastModified": 1658481635,
        "narHash": "sha256-nRz5VqbIW5386Ogf/aHEz5TlHb/tO8+aUmQiUVsKTLg=",
        "owner": "rhysd",
        "repo": "vim-healthcheck",
        "rev": "45a95f6c98322410cffdcb4a1c8a9a44a25d18be",
        "type": "github"
      },
      "original": {
        "owner": "rhysd",
        "repo": "vim-healthcheck",
        "type": "github"
      }
    },
    "vim-rose-pine": {
      "flake": false,
      "locked": {
        "lastModified": 1717014278,
        "narHash": "sha256-d8AC5rhwE+Aa4OjeaBVJcH2Av7tVrQJZDl1jYDePgJA=",
        "owner": "rose-pine",
        "repo": "vim",
        "rev": "95fb4b56ce8b913ab5500f6d00ae0b1153917bec",
        "type": "github"
      },
      "original": {
        "owner": "rose-pine",
        "repo": "vim",
        "type": "github"
      }
    },
    "vim-spellfile-is": {
      "flake": false,
      "locked": {
        "lastModified": 1589731214,
        "narHash": "sha256-ry4yihZf/VSJ+olxwDam1tF51pKaFrMD/uILk7xCz2E=",
        "owner": "recette-lemon",
        "repo": "vim-spell-is",
        "rev": "e3713006b939ae8c69bcdf82678ab36bd5ae52c7",
        "type": "github"
      },
      "original": {
        "owner": "recette-lemon",
        "repo": "vim-spell-is",
        "type": "github"
      }
    },
    "xdph": {
      "inputs": {
        "hyprland-protocols": "hyprland-protocols",
        "hyprlang": [
          "xremap-flake",
          "hyprland",
          "hyprlang"
        ],
        "nixpkgs": [
          "xremap-flake",
          "hyprland",
          "nixpkgs"
        ],
        "systems": [
          "xremap-flake",
          "hyprland",
          "systems"
        ]
      },
      "locked": {
        "lastModified": 1720194466,
        "narHash": "sha256-Rizg9efi6ue95zOp0MeIV2ZedNo+5U9G2l6yirgBUnA=",
        "owner": "hyprwm",
        "repo": "xdg-desktop-portal-hyprland",
        "rev": "b9b97e5ba23fe7bd5fa4df54696102e8aa863cf6",
        "type": "github"
      },
      "original": {
        "owner": "hyprwm",
        "repo": "xdg-desktop-portal-hyprland",
        "type": "github"
      }
    },
    "xremap": {
      "flake": false,
      "locked": {
        "lastModified": 1716231654,
        "narHash": "sha256-TZvi5EOZ5Ekg8aGXCAzCcphJ7U5YsPtTWKTUQKZXEsg=",
        "owner": "k0kubun",
        "repo": "xremap",
        "rev": "d1b17c4b9958feb5804f317b654ab3936f852c61",
        "type": "github"
      },
      "original": {
        "owner": "k0kubun",
        "ref": "v0.10.0",
        "repo": "xremap",
        "type": "github"
      }
    },
    "xremap-flake": {
      "inputs": {
        "crane": "crane",
        "devshell": "devshell_2",
        "flake-parts": "flake-parts_3",
        "home-manager": "home-manager_3",
        "hyprland": "hyprland",
        "nixpkgs": "nixpkgs_7",
        "treefmt-nix": "treefmt-nix_2",
        "xremap": "xremap"
      },
      "locked": {
        "lastModified": 1721842203,
        "narHash": "sha256-3tV6a9Ri6JTapeOQFuBpIjYk+R+F9RGiaG7Hpz1sTv8=",
        "owner": "xremap",
        "repo": "nix-flake",
        "rev": "3717cb0539f4967010ba540baa439a4cf6ea8576",
        "type": "github"
      },
      "original": {
        "owner": "xremap",
        "repo": "nix-flake",
        "type": "github"
      }
    }
  },
  "root": "root",
  "version": 7
}
